
Microsoft Visual Studio Solution File, Format Version 12.00
# Visual Studio Version 16
VisualStudioVersion = 16.0.30611.23
MinimumVisualStudioVersion = 10.0.40219.1
Project("{FAE04EC0-301F-11D3-BF4B-00C04F79EFBC}") = "EmployeePayrollRestSharp", "EmployeePayrollRestSharp\EmployeePayrollRestSharp.csproj", "{153349AA-8655-4B7D-9000-957ECF75D306}"
EndProject
Project("{FAE04EC0-301F-11D3-BF4B-00C04F79EFBC}") = "EmployeePayrollTest", "EmployeePayrollTest\EmployeePayrollTest.csproj", "{13B12AEB-6C18-4E18-B510-9E7E3652C1E6}"
EndProject
Global
	GlobalSection(SolutionConfigurationPlatforms) = preSolution
		Debug|Any CPU = Debug|Any CPU
		Release|Any CPU = Release|Any CPU
	EndGlobalSection
	GlobalSection(ProjectConfigurationPlatforms) = postSolution
		{153349AA-8655-4B7D-9000-957ECF75D306}.Debug|Any CPU.ActiveCfg = Debug|Any CPU
		{153349AA-8655-4B7D-9000-957ECF75D306}.Debug|Any CPU.Build.0 = Debug|Any CPU
		{153349AA-8655-4B7D-9000-957ECF75D306}.Release|Any CPU.ActiveCfg = Release|Any CPU
		{153349AA-8655-4B7D-9000-957ECF75D306}.Release|Any CPU.Build.0 = Release|Any CPU
		{13B12AEB-6C18-4E18-B510-9E7E3652C1E6}.Debug|Any CPU.ActiveCfg = Debug|Any CPU
		{13B12AEB-6C18-4E18-B510-9E7E3652C1E6}.Debug|Any CPU.Build.0 = Debug|Any CPU
		{13B12AEB-6C18-4E18-B510-9E7E3652C1E6}.Release|Any CPU.ActiveCfg = Release|Any CPU
		{13B12AEB-6C18-4E18-B510-9E7E3652C1E6}.Release|Any CPU.Build.0 = Release|Any CPU
	EndGlobalSection
	GlobalSection(SolutionProperties) = preSolution
		HideSolutionNode = FALSE
	EndGlobalSection
	GlobalSection(ExtensibilityGlobals) = postSolution
		SolutionGuid = {761D4551-7A3B-4E08-8BC4-EB18729475C7}
	EndGlobalSection
EndGlobal
